{
  "name": "http-proxy",
  "version": "1.0.0",
  "lockfileVersion": 1,
  "requires": true,
  "dependencies": {
    "now": {
      "version": "14.1.0",
      "resolved": "https://registry.npmjs.org/now/-/now-14.1.0.tgz",
      "integrity": "sha512-XtPWQaznq1qynUddJIpXRnAv9vCfjdBw7NurXrI4u7g16BJyFKhXGkSkvpyxXKXDjZuW9xwKHya+ocXW+5CO9g==",
      "dev": true
    }
  }
}
